
Microsoft Visual Studio Solution File, Format Version 12.00
# Visual Studio Version 16
VisualStudioVersion = 16.0.33920.266
MinimumVisualStudioVersion = 10.0.40219.1
Project("{FAE04EC0-301F-11D3-BF4B-00C04F79EFBC}") = "samochod", "samochod\samochod.csproj", "{0078B525-99C8-41AC-88ED-B37076BE8204}"
EndProject
Global
	GlobalSection(SolutionConfigurationPlatforms) = preSolution
		Debug|Any CPU = Debug|Any CPU
		Release|Any CPU = Release|Any CPU
	EndGlobalSection
	GlobalSection(ProjectConfigurationPlatforms) = postSolution
		{0078B525-99C8-41AC-88ED-B37076BE8204}.Debug|Any CPU.ActiveCfg = Debug|Any CPU
		{0078B525-99C8-41AC-88ED-B37076BE8204}.Debug|Any CPU.Build.0 = Debug|Any CPU
		{0078B525-99C8-41AC-88ED-B37076BE8204}.Release|Any CPU.ActiveCfg = Release|Any CPU
		{0078B525-99C8-41AC-88ED-B37076BE8204}.Release|Any CPU.Build.0 = Release|Any CPU
	EndGlobalSection
	GlobalSection(SolutionProperties) = preSolution
		HideSolutionNode = FALSE
	EndGlobalSection
	GlobalSection(ExtensibilityGlobals) = postSolution
		SolutionGuid = {669B6C25-B118-4F90-BC58-796E6A5F5FB8}
	EndGlobalSection
EndGlobal
